
Microsoft Visual Studio Solution File, Format Version 12.00
# Visual Studio Version 16
VisualStudioVersion = 16.0.31410.357
MinimumVisualStudioVersion = 10.0.40219.1
Project("{FAE04EC0-301F-11D3-BF4B-00C04F79EFBC}") = "Tarea_Libro", "Tarea_Libro\Tarea_Libro.csproj", "{C00BBF23-8567-4016-B31D-03A1E5D71E4F}"
EndProject
Global
	GlobalSection(SolutionConfigurationPlatforms) = preSolution
		Debug|Any CPU = Debug|Any CPU
		Release|Any CPU = Release|Any CPU
	EndGlobalSection
	GlobalSection(ProjectConfigurationPlatforms) = postSolution
		{C00BBF23-8567-4016-B31D-03A1E5D71E4F}.Debug|Any CPU.ActiveCfg = Debug|Any CPU
		{C00BBF23-8567-4016-B31D-03A1E5D71E4F}.Debug|Any CPU.Build.0 = Debug|Any CPU
		{C00BBF23-8567-4016-B31D-03A1E5D71E4F}.Release|Any CPU.ActiveCfg = Release|Any CPU
		{C00BBF23-8567-4016-B31D-03A1E5D71E4F}.Release|Any CPU.Build.0 = Release|Any CPU
	EndGlobalSection
	GlobalSection(SolutionProperties) = preSolution
		HideSolutionNode = FALSE
	EndGlobalSection
	GlobalSection(ExtensibilityGlobals) = postSolution
		SolutionGuid = {6AD0799C-C9B1-48CD-A30C-EFCFDD411349}
	EndGlobalSection
EndGlobal
